// !$*UTF8*$!
{
	archiveVersion = 1;
	classes = {
	};
	objectVersion = 56;
	objects = {

/* Begin PBXBuildFile section */
		6E3C061B2AB04A4900A30813 /* AppDelegate.swift in Sources */ = {isa = PBXBuildFile; fileRef = 6E3C061A2AB04A4900A30813 /* AppDelegate.swift */; };
		6E3C061D2AB04A4900A30813 /* SceneDelegate.swift in Sources */ = {isa = PBXBuildFile; fileRef = 6E3C061C2AB04A4900A30813 /* SceneDelegate.swift */; };
		6E3C061F2AB04A4900A30813 /* PhotoViewController.swift in Sources */ = {isa = PBXBuildFile; fileRef = 6E3C061E2AB04A4900A30813 /* PhotoViewController.swift */; };
		6E3C06222AB04A4900A30813 /* Main.storyboard in Resources */ = {isa = PBXBuildFile; fileRef = 6E3C06202AB04A4900A30813 /* Main.storyboard */; };
		6E3C06242AB04A4B00A30813 /* Assets.xcassets in Resources */ = {isa = PBXBuildFile; fileRef = 6E3C06232AB04A4B00A30813 /* Assets.xcassets */; };
		6E3C06272AB04A4B00A30813 /* LaunchScreen.storyboard in Resources */ = {isa = PBXBuildFile; fileRef = 6E3C06252AB04A4B00A30813 /* LaunchScreen.storyboard */; };
		6E3C06312AB04CF500A30813 /* Photo.swift in Sources */ = {isa = PBXBuildFile; fileRef = 6E3C06302AB04CF500A30813 /* Photo.swift */; };
		6E3C06332AB04D1100A30813 /* PhotoManager.swift in Sources */ = {isa = PBXBuildFile; fileRef = 6E3C06322AB04D1100A30813 /* PhotoManager.swift */; };
		6E3C06362AB05E0A00A30813 /* SampleViewController.swift in Sources */ = {isa = PBXBuildFile; fileRef = 6E3C06352AB05E0A00A30813 /* SampleViewController.swift */; };
		6E3C06382AB05E1700A30813 /* SampleViewModel.swift in Sources */ = {isa = PBXBuildFile; fileRef = 6E3C06372AB05E1700A30813 /* SampleViewModel.swift */; };
		6E3C063A2AB061CF00A30813 /* Observable.swift in Sources */ = {isa = PBXBuildFile; fileRef = 6E3C06392AB061CF00A30813 /* Observable.swift */; };
		6E7719C12AB09994004A46F9 /* PhotoViewModel.swift in Sources */ = {isa = PBXBuildFile; fileRef = 6E7719C02AB09994004A46F9 /* PhotoViewModel.swift */; };
		6E7719C32AB0B36C004A46F9 /* PhotoTableViewCell.swift in Sources */ = {isa = PBXBuildFile; fileRef = 6E7719C22AB0B36C004A46F9 /* PhotoTableViewCell.swift */; };
		6E7719C62AB0B5D8004A46F9 /* Kingfisher in Frameworks */ = {isa = PBXBuildFile; productRef = 6E7719C52AB0B5D8004A46F9 /* Kingfisher */; };
		6E7719C92AB0BE7F004A46F9 /* NetFlixViewController.swift in Sources */ = {isa = PBXBuildFile; fileRef = 6E7719C82AB0BE7F004A46F9 /* NetFlixViewController.swift */; };
		6E7719CC2AB0C359004A46F9 /* SnapKit in Frameworks */ = {isa = PBXBuildFile; productRef = 6E7719CB2AB0C359004A46F9 /* SnapKit */; };
		6E7719D52AB19A7C004A46F9 /* NetflixObservable.swift in Sources */ = {isa = PBXBuildFile; fileRef = 6E7719D42AB19A7C004A46F9 /* NetflixObservable.swift */; };
		6E7719D72AB19ADF004A46F9 /* NetFlixViewModel.swift in Sources */ = {isa = PBXBuildFile; fileRef = 6E7719D62AB19ADF004A46F9 /* NetFlixViewModel.swift */; };
/* End PBXBuildFile section */

/* Begin PBXFileReference section */
		6E3C06172AB04A4900A30813 /* MVCMVVMPatternProject.app */ = {isa = PBXFileReference; explicitFileType = wrapper.application; includeInIndex = 0; path = MVCMVVMPatternProject.app; sourceTree = BUILT_PRODUCTS_DIR; };
		6E3C061A2AB04A4900A30813 /* AppDelegate.swift */ = {isa = PBXFileReference; lastKnownFileType = sourcecode.swift; path = AppDelegate.swift; sourceTree = "<group>"; };
		6E3C061C2AB04A4900A30813 /* SceneDelegate.swift */ = {isa = PBXFileReference; lastKnownFileType = sourcecode.swift; path = SceneDelegate.swift; sourceTree = "<group>"; };
		6E3C061E2AB04A4900A30813 /* PhotoViewController.swift */ = {isa = PBXFileReference; lastKnownFileType = sourcecode.swift; path = PhotoViewController.swift; sourceTree = "<group>"; };
		6E3C06212AB04A4900A30813 /* Base */ = {isa = PBXFileReference; lastKnownFileType = file.storyboard; name = Base; path = Base.lproj/Main.storyboard; sourceTree = "<group>"; };
		6E3C06232AB04A4B00A30813 /* Assets.xcassets */ = {isa = PBXFileReference; lastKnownFileType = folder.assetcatalog; path = Assets.xcassets; sourceTree = "<group>"; };
		6E3C06262AB04A4B00A30813 /* Base */ = {isa = PBXFileReference; lastKnownFileType = file.storyboard; name = Base; path = Base.lproj/LaunchScreen.storyboard; sourceTree = "<group>"; };
		6E3C06282AB04A4B00A30813 /* Info.plist */ = {isa = PBXFileReference; lastKnownFileType = text.plist.xml; path = Info.plist; sourceTree = "<group>"; };
		6E3C06302AB04CF500A30813 /* Photo.swift */ = {isa = PBXFileReference; lastKnownFileType = sourcecode.swift; path = Photo.swift; sourceTree = "<group>"; };
		6E3C06322AB04D1100A30813 /* PhotoManager.swift */ = {isa = PBXFileReference; lastKnownFileType = sourcecode.swift; path = PhotoManager.swift; sourceTree = "<group>"; };
		6E3C06352AB05E0A00A30813 /* SampleViewController.swift */ = {isa = PBXFileReference; lastKnownFileType = sourcecode.swift; path = SampleViewController.swift; sourceTree = "<group>"; };
		6E3C06372AB05E1700A30813 /* SampleViewModel.swift */ = {isa = PBXFileReference; lastKnownFileType = sourcecode.swift; path = SampleViewModel.swift; sourceTree = "<group>"; };
		6E3C06392AB061CF00A30813 /* Observable.swift */ = {isa = PBXFileReference; lastKnownFileType = sourcecode.swift; path = Observable.swift; sourceTree = "<group>"; };
		6E7719C02AB09994004A46F9 /* PhotoViewModel.swift */ = {isa = PBXFileReference; lastKnownFileType = sourcecode.swift; path = PhotoViewModel.swift; sourceTree = "<group>"; };
		6E7719C22AB0B36C004A46F9 /* PhotoTableViewCell.swift */ = {isa = PBXFileReference; lastKnownFileType = sourcecode.swift; path = PhotoTableViewCell.swift; sourceTree = "<group>"; };
		6E7719C82AB0BE7F004A46F9 /* NetFlixViewController.swift */ = {isa = PBXFileReference; lastKnownFileType = sourcecode.swift; path = NetFlixViewController.swift; sourceTree = "<group>"; };
		6E7719D42AB19A7C004A46F9 /* NetflixObservable.swift */ = {isa = PBXFileReference; lastKnownFileType = sourcecode.swift; path = NetflixObservable.swift; sourceTree = "<group>"; };
		6E7719D62AB19ADF004A46F9 /* NetFlixViewModel.swift */ = {isa = PBXFileReference; lastKnownFileType = sourcecode.swift; path = NetFlixViewModel.swift; sourceTree = "<group>"; };
/* End PBXFileReference section */

/* Begin PBXFrameworksBuildPhase section */
		6E3C06142AB04A4900A30813 /* Frameworks */ = {
			isa = PBXFrameworksBuildPhase;
			buildActionMask = 2147483647;
			files = (
				6E7719C62AB0B5D8004A46F9 /* Kingfisher in Frameworks */,
				6E7719CC2AB0C359004A46F9 /* SnapKit in Frameworks */,
			);
			runOnlyForDeploymentPostprocessing = 0;
		};
/* End PBXFrameworksBuildPhase section */

/* Begin PBXGroup section */
		6E3C060E2AB04A4900A30813 = {
			isa = PBXGroup;
			children = (
				6E3C06192AB04A4900A30813 /* MVCMVVMPatternProject */,
				6E3C06182AB04A4900A30813 /* Products */,
			);
			sourceTree = "<group>";
		};
		6E3C06182AB04A4900A30813 /* Products */ = {
			isa = PBXGroup;
			children = (
				6E3C06172AB04A4900A30813 /* MVCMVVMPatternProject.app */,
			);
			name = Products;
			sourceTree = "<group>";
		};
		6E3C06192AB04A4900A30813 /* MVCMVVMPatternProject */ = {
			isa = PBXGroup;
			children = (
				6E7719C72AB0BCB5004A46F9 /* NetFlix */,
				6E3C062F2AB04CD700A30813 /* Photo */,
				6E3C062E2AB04A8500A30813 /* Practice */,
				6E3C061A2AB04A4900A30813 /* AppDelegate.swift */,
				6E3C061C2AB04A4900A30813 /* SceneDelegate.swift */,
				6E3C06202AB04A4900A30813 /* Main.storyboard */,
				6E3C06232AB04A4B00A30813 /* Assets.xcassets */,
				6E3C06252AB04A4B00A30813 /* LaunchScreen.storyboard */,
				6E3C06282AB04A4B00A30813 /* Info.plist */,
			);
			path = MVCMVVMPatternProject;
			sourceTree = "<group>";
		};
		6E3C062E2AB04A8500A30813 /* Practice */ = {
			isa = PBXGroup;
			children = (
				6E3C06342AB05DED00A30813 /* Sample */,
			);
			path = Practice;
			sourceTree = "<group>";
		};
		6E3C062F2AB04CD700A30813 /* Photo */ = {
			isa = PBXGroup;
			children = (
				6E3C061E2AB04A4900A30813 /* PhotoViewController.swift */,
				6E7719C22AB0B36C004A46F9 /* PhotoTableViewCell.swift */,
				6E3C06302AB04CF500A30813 /* Photo.swift */,
				6E3C06322AB04D1100A30813 /* PhotoManager.swift */,
				6E7719C02AB09994004A46F9 /* PhotoViewModel.swift */,
			);
			path = Photo;
			sourceTree = "<group>";
		};
		6E3C06342AB05DED00A30813 /* Sample */ = {
			isa = PBXGroup;
			children = (
				6E3C06352AB05E0A00A30813 /* SampleViewController.swift */,
				6E3C06372AB05E1700A30813 /* SampleViewModel.swift */,
				6E3C06392AB061CF00A30813 /* Observable.swift */,
			);
			path = Sample;
			sourceTree = "<group>";
		};
		6E7719C72AB0BCB5004A46F9 /* NetFlix */ = {
			isa = PBXGroup;
			children = (
				6E7719C82AB0BE7F004A46F9 /* NetFlixViewController.swift */,
				6E7719D42AB19A7C004A46F9 /* NetflixObservable.swift */,
				6E7719D62AB19ADF004A46F9 /* NetFlixViewModel.swift */,
			);
			path = NetFlix;
			sourceTree = "<group>";
		};
/* End PBXGroup section */

/* Begin PBXNativeTarget section */
		6E3C06162AB04A4900A30813 /* MVCMVVMPatternProject */ = {
			isa = PBXNativeTarget;
			buildConfigurationList = 6E3C062B2AB04A4B00A30813 /* Build configuration list for PBXNativeTarget "MVCMVVMPatternProject" */;
			buildPhases = (
				6E3C06132AB04A4900A30813 /* Sources */,
				6E3C06142AB04A4900A30813 /* Frameworks */,
				6E3C06152AB04A4900A30813 /* Resources */,
			);
			buildRules = (
			);
			dependencies = (
			);
			name = MVCMVVMPatternProject;
			packageProductDependencies = (
				6E7719C52AB0B5D8004A46F9 /* Kingfisher */,
				6E7719CB2AB0C359004A46F9 /* SnapKit */,
			);
			productName = MVCMVVMPatternProject;
			productReference = 6E3C06172AB04A4900A30813 /* MVCMVVMPatternProject.app */;
			productType = "com.apple.product-type.application";
		};
/* End PBXNativeTarget section */

/* Begin PBXProject section */
		6E3C060F2AB04A4900A30813 /* Project object */ = {
			isa = PBXProject;
			attributes = {
				BuildIndependentTargetsInParallel = 1;
				LastSwiftUpdateCheck = 1430;
				LastUpgradeCheck = 1430;
				TargetAttributes = {
					6E3C06162AB04A4900A30813 = {
						CreatedOnToolsVersion = 14.3.1;
					};
				};
			};
			buildConfigurationList = 6E3C06122AB04A4900A30813 /* Build configuration list for PBXProject "MVCMVVMPatternProject" */;
			compatibilityVersion = "Xcode 14.0";
			developmentRegion = en;
			hasScannedForEncodings = 0;
			knownRegions = (
				en,
				Base,
			);
			mainGroup = 6E3C060E2AB04A4900A30813;
			packageReferences = (
				6E7719C42AB0B5D8004A46F9 /* XCRemoteSwiftPackageReference "Kingfisher" */,
				6E7719CA2AB0C359004A46F9 /* XCRemoteSwiftPackageReference "SnapKit" */,
			);
			productRefGroup = 6E3C06182AB04A4900A30813 /* Products */;
			projectDirPath = "";
			projectRoot = "";
			targets = (
				6E3C06162AB04A4900A30813 /* MVCMVVMPatternProject */,
			);
		};
/* End PBXProject section */

/* Begin PBXResourcesBuildPhase section */
		6E3C06152AB04A4900A30813 /* Resources */ = {
			isa = PBXResourcesBuildPhase;
			buildActionMask = 2147483647;
			files = (
				6E3C06272AB04A4B00A30813 /* LaunchScreen.storyboard in Resources */,
				6E3C06242AB04A4B00A30813 /* Assets.xcassets in Resources */,
				6E3C06222AB04A4900A30813 /* Main.storyboard in Resources */,
			);
			runOnlyForDeploymentPostprocessing = 0;
		};
/* End PBXResourcesBuildPhase section */

/* Begin PBXSourcesBuildPhase section */
		6E3C06132AB04A4900A30813 /* Sources */ = {
			isa = PBXSourcesBuildPhase;
			buildActionMask = 2147483647;
			files = (
				6E3C063A2AB061CF00A30813 /* Observable.swift in Sources */,
				6E3C06312AB04CF500A30813 /* Photo.swift in Sources */,
				6E7719C32AB0B36C004A46F9 /* PhotoTableViewCell.swift in Sources */,
				6E7719D72AB19ADF004A46F9 /* NetFlixViewModel.swift in Sources */,
				6E3C061F2AB04A4900A30813 /* PhotoViewController.swift in Sources */,
				6E3C06362AB05E0A00A30813 /* SampleViewController.swift in Sources */,
				6E7719D52AB19A7C004A46F9 /* NetflixObservable.swift in Sources */,
				6E7719C12AB09994004A46F9 /* PhotoViewModel.swift in Sources */,
				6E3C06382AB05E1700A30813 /* SampleViewModel.swift in Sources */,
				6E3C061B2AB04A4900A30813 /* AppDelegate.swift in Sources */,
				6E3C06332AB04D1100A30813 /* PhotoManager.swift in Sources */,
				6E3C061D2AB04A4900A30813 /* SceneDelegate.swift in Sources */,
				6E7719C92AB0BE7F004A46F9 /* NetFlixViewController.swift in Sources */,
			);
			runOnlyForDeploymentPostprocessing = 0;
		};
/* End PBXSourcesBuildPhase section */

/* Begin PBXVariantGroup section */
		6E3C06202AB04A4900A30813 /* Main.storyboard */ = {
			isa = PBXVariantGroup;
			children = (
				6E3C06212AB04A4900A30813 /* Base */,
			);
			name = Main.storyboard;
			sourceTree = "<group>";
		};
		6E3C06252AB04A4B00A30813 /* LaunchScreen.storyboard */ = {
			isa = PBXVariantGroup;
			children = (
				6E3C06262AB04A4B00A30813 /* Base */,
			);
			name = LaunchScreen.storyboard;
			sourceTree = "<group>";
		};
/* End PBXVariantGroup section */

/* Begin XCBuildConfiguration section */
		6E3C06292AB04A4B00A30813 /* Debug */ = {
			isa = XCBuildConfiguration;
			buildSettings = {
				ALWAYS_SEARCH_USER_PATHS = NO;
				CLANG_ANALYZER_NONNULL = YES;
				CLANG_ANALYZER_NUMBER_OBJECT_CONVERSION = YES_AGGRESSIVE;
				CLANG_CXX_LANGUAGE_STANDARD = "gnu++20";
				CLANG_ENABLE_MODULES = YES;
				CLANG_ENABLE_OBJC_ARC = YES;
				CLANG_ENABLE_OBJC_WEAK = YES;
				CLANG_WARN_BLOCK_CAPTURE_AUTORELEASING = YES;
				CLANG_WARN_BOOL_CONVERSION = YES;
				CLANG_WARN_COMMA = YES;
				CLANG_WARN_CONSTANT_CONVERSION = YES;
				CLANG_WARN_DEPRECATED_OBJC_IMPLEMENTATIONS = YES;
				CLANG_WARN_DIRECT_OBJC_ISA_USAGE = YES_ERROR;
				CLANG_WARN_DOCUMENTATION_COMMENTS = YES;
				CLANG_WARN_EMPTY_BODY = YES;
				CLANG_WARN_ENUM_CONVERSION = YES;
				CLANG_WARN_INFINITE_RECURSION = YES;
				CLANG_WARN_INT_CONVERSION = YES;
				CLANG_WARN_NON_LITERAL_NULL_CONVERSION = YES;
				CLANG_WARN_OBJC_IMPLICIT_RETAIN_SELF = YES;
				CLANG_WARN_OBJC_LITERAL_CONVERSION = YES;
				CLANG_WARN_OBJC_ROOT_CLASS = YES_ERROR;
				CLANG_WARN_QUOTED_INCLUDE_IN_FRAMEWORK_HEADER = YES;
				CLANG_WARN_RANGE_LOOP_ANALYSIS = YES;
				CLANG_WARN_STRICT_PROTOTYPES = YES;
				CLANG_WARN_SUSPICIOUS_MOVE = YES;
				CLANG_WARN_UNGUARDED_AVAILABILITY = YES_AGGRESSIVE;
				CLANG_WARN_UNREACHABLE_CODE = YES;
				CLANG_WARN__DUPLICATE_METHOD_MATCH = YES;
				COPY_PHASE_STRIP = NO;
				DEBUG_INFORMATION_FORMAT = dwarf;
				ENABLE_STRICT_OBJC_MSGSEND = YES;
				ENABLE_TESTABILITY = YES;
				GCC_C_LANGUAGE_STANDARD = gnu11;
				GCC_DYNAMIC_NO_PIC = NO;
				GCC_NO_COMMON_BLOCKS = YES;
				GCC_OPTIMIZATION_LEVEL = 0;
				GCC_PREPROCESSOR_DEFINITIONS = (
					"DEBUG=1",
					"$(inherited)",
				);
				GCC_WARN_64_TO_32_BIT_CONVERSION = YES;
				GCC_WARN_ABOUT_RETURN_TYPE = YES_ERROR;
				GCC_WARN_UNDECLARED_SELECTOR = YES;
				GCC_WARN_UNINITIALIZED_AUTOS = YES_AGGRESSIVE;
				GCC_WARN_UNUSED_FUNCTION = YES;
				GCC_WARN_UNUSED_VARIABLE = YES;
				IPHONEOS_DEPLOYMENT_TARGET = 16.4;
				MTL_ENABLE_DEBUG_INFO = INCLUDE_SOURCE;
				MTL_FAST_MATH = YES;
				ONLY_ACTIVE_ARCH = YES;
				SDKROOT = iphoneos;
				SWIFT_ACTIVE_COMPILATION_CONDITIONS = DEBUG;
				SWIFT_OPTIMIZATION_LEVEL = "-Onone";
			};
			name = Debug;
		};
		6E3C062A2AB04A4B00A30813 /* Release */ = {
			isa = XCBuildConfiguration;
			buildSettings = {
				ALWAYS_SEARCH_USER_PATHS = NO;
				CLANG_ANALYZER_NONNULL = YES;
				CLANG_ANALYZER_NUMBER_OBJECT_CONVERSION = YES_AGGRESSIVE;
				CLANG_CXX_LANGUAGE_STANDARD = "gnu++20";
				CLANG_ENABLE_MODULES = YES;
				CLANG_ENABLE_OBJC_ARC = YES;
				CLANG_ENABLE_OBJC_WEAK = YES;
				CLANG_WARN_BLOCK_CAPTURE_AUTORELEASING = YES;
				CLANG_WARN_BOOL_CONVERSION = YES;
				CLANG_WARN_COMMA = YES;
				CLANG_WARN_CONSTANT_CONVERSION = YES;
				CLANG_WARN_DEPRECATED_OBJC_IMPLEMENTATIONS = YES;
				CLANG_WARN_DIRECT_OBJC_ISA_USAGE = YES_ERROR;
				CLANG_WARN_DOCUMENTATION_COMMENTS = YES;
				CLANG_WARN_EMPTY_BODY = YES;
				CLANG_WARN_ENUM_CONVERSION = YES;
				CLANG_WARN_INFINITE_RECURSION = YES;
				CLANG_WARN_INT_CONVERSION = YES;
				CLANG_WARN_NON_LITERAL_NULL_CONVERSION = YES;
				CLANG_WARN_OBJC_IMPLICIT_RETAIN_SELF = YES;
				CLANG_WARN_OBJC_LITERAL_CONVERSION = YES;
				CLANG_WARN_OBJC_ROOT_CLASS = YES_ERROR;
				CLANG_WARN_QUOTED_INCLUDE_IN_FRAMEWORK_HEADER = YES;
				CLANG_WARN_RANGE_LOOP_ANALYSIS = YES;
				CLANG_WARN_STRICT_PROTOTYPES = YES;
				CLANG_WARN_SUSPICIOUS_MOVE = YES;
				CLANG_WARN_UNGUARDED_AVAILABILITY = YES_AGGRESSIVE;
				CLANG_WARN_UNREACHABLE_CODE = YES;
				CLANG_WARN__DUPLICATE_METHOD_MATCH = YES;
				COPY_PHASE_STRIP = NO;
				DEBUG_INFORMATION_FORMAT = "dwarf-with-dsym";
				ENABLE_NS_ASSERTIONS = NO;
				ENABLE_STRICT_OBJC_MSGSEND = YES;
				GCC_C_LANGUAGE_STANDARD = gnu11;
				GCC_NO_COMMON_BLOCKS = YES;
				GCC_WARN_64_TO_32_BIT_CONVERSION = YES;
				GCC_WARN_ABOUT_RETURN_TYPE = YES_ERROR;
				GCC_WARN_UNDECLARED_SELECTOR = YES;
				GCC_WARN_UNINITIALIZED_AUTOS = YES_AGGRESSIVE;
				GCC_WARN_UNUSED_FUNCTION = YES;
				GCC_WARN_UNUSED_VARIABLE = YES;
				IPHONEOS_DEPLOYMENT_TARGET = 16.4;
				MTL_ENABLE_DEBUG_INFO = NO;
				MTL_FAST_MATH = YES;
				SDKROOT = iphoneos;
				SWIFT_COMPILATION_MODE = wholemodule;
				SWIFT_OPTIMIZATION_LEVEL = "-O";
				VALIDATE_PRODUCT = YES;
			};
			name = Release;
		};
		6E3C062C2AB04A4B00A30813 /* Debug */ = {
			isa = XCBuildConfiguration;
			buildSettings = {
				ASSETCATALOG_COMPILER_APPICON_NAME = AppIcon;
				ASSETCATALOG_COMPILER_GLOBAL_ACCENT_COLOR_NAME = AccentColor;
				CODE_SIGN_STYLE = Automatic;
				CURRENT_PROJECT_VERSION = 1;
				DEVELOPMENT_TEAM = B24G869DB7;
				GENERATE_INFOPLIST_FILE = YES;
				INFOPLIST_FILE = MVCMVVMPatternProject/Info.plist;
				INFOPLIST_KEY_UIApplicationSupportsIndirectInputEvents = YES;
				INFOPLIST_KEY_UILaunchStoryboardName = LaunchScreen;
				INFOPLIST_KEY_UIMainStoryboardFile = Main;
				INFOPLIST_KEY_UISupportedInterfaceOrientations = UIInterfaceOrientationPortrait;
				INFOPLIST_KEY_UISupportedInterfaceOrientations_iPad = "UIInterfaceOrientationLandscapeLeft UIInterfaceOrientationLandscapeRight UIInterfaceOrientationPortrait UIInterfaceOrientationPortraitUpsideDown";
				IPHONEOS_DEPLOYMENT_TARGET = 16.0;
				LD_RUNPATH_SEARCH_PATHS = (
					"$(inherited)",
					"@executable_path/Frameworks",
				);
				MARKETING_VERSION = 1.0;
				PRODUCT_BUNDLE_IDENTIFIER = com.sesac.MVCMVVMPatternProject;
				PRODUCT_NAME = "$(TARGET_NAME)";
				SUPPORTED_PLATFORMS = "iphoneos iphonesimulator";
				SUPPORTS_MACCATALYST = NO;
				SUPPORTS_MAC_DESIGNED_FOR_IPHONE_IPAD = NO;
				SWIFT_EMIT_LOC_STRINGS = YES;
				SWIFT_VERSION = 5.0;
				TARGETED_DEVICE_FAMILY = 1;
			};
			name = Debug;
		};
		6E3C062D2AB04A4B00A30813 /* Release */ = {
			isa = XCBuildConfiguration;
			buildSettings = {
				ASSETCATALOG_COMPILER_APPICON_NAME = AppIcon;
				ASSETCATALOG_COMPILER_GLOBAL_ACCENT_COLOR_NAME = AccentColor;
				CODE_SIGN_STYLE = Automatic;
				CURRENT_PROJECT_VERSION = 1;
				DEVELOPMENT_TEAM = B24G869DB7;
				GENERATE_INFOPLIST_FILE = YES;
				INFOPLIST_FILE = MVCMVVMPatternProject/Info.plist;
				INFOPLIST_KEY_UIApplicationSupportsIndirectInputEvents = YES;
				INFOPLIST_KEY_UILaunchStoryboardName = LaunchScreen;
				INFOPLIST_KEY_UIMainStoryboardFile = Main;
				INFOPLIST_KEY_UISupportedInterfaceOrientations = UIInterfaceOrientationPortrait;
				INFOPLIST_KEY_UISupportedInterfaceOrientations_iPad = "UIInterfaceOrientationLandscapeLeft UIInterfaceOrientationLandscapeRight UIInterfaceOrientationPortrait UIInterfaceOrientationPortraitUpsideDown";
				IPHONEOS_DEPLOYMENT_TARGET = 16.0;
				LD_RUNPATH_SEARCH_PATHS = (
					"$(inherited)",
					"@executable_path/Frameworks",
				);
				MARKETING_VERSION = 1.0;
				PRODUCT_BUNDLE_IDENTIFIER = com.sesac.MVCMVVMPatternProject;
				PRODUCT_NAME = "$(TARGET_NAME)";
				SUPPORTED_PLATFORMS = "iphoneos iphonesimulator";
				SUPPORTS_MACCATALYST = NO;
				SUPPORTS_MAC_DESIGNED_FOR_IPHONE_IPAD = NO;
				SWIFT_EMIT_LOC_STRINGS = YES;
				SWIFT_VERSION = 5.0;
				TARGETED_DEVICE_FAMILY = 1;
			};
			name = Release;
		};
/* End XCBuildConfiguration section */

/* Begin XCConfigurationList section */
		6E3C06122AB04A4900A30813 /* Build configuration list for PBXProject "MVCMVVMPatternProject" */ = {
			isa = XCConfigurationList;
			buildConfigurations = (
				6E3C06292AB04A4B00A30813 /* Debug */,
				6E3C062A2AB04A4B00A30813 /* Release */,
			);
			defaultConfigurationIsVisible = 0;
			defaultConfigurationName = Release;
		};
		6E3C062B2AB04A4B00A30813 /* Build configuration list for PBXNativeTarget "MVCMVVMPatternProject" */ = {
			isa = XCConfigurationList;
			buildConfigurations = (
				6E3C062C2AB04A4B00A30813 /* Debug */,
				6E3C062D2AB04A4B00A30813 /* Release */,
			);
			defaultConfigurationIsVisible = 0;
			defaultConfigurationName = Release;
		};
/* End XCConfigurationList section */

/* Begin XCRemoteSwiftPackageReference section */
		6E7719C42AB0B5D8004A46F9 /* XCRemoteSwiftPackageReference "Kingfisher" */ = {
			isa = XCRemoteSwiftPackageReference;
			repositoryURL = "https://github.com/onevcat/Kingfisher.git";
			requirement = {
				kind = upToNextMajorVersion;
				minimumVersion = 7.0.0;
			};
		};
		6E7719CA2AB0C359004A46F9 /* XCRemoteSwiftPackageReference "SnapKit" */ = {
			isa = XCRemoteSwiftPackageReference;
			repositoryURL = "https://github.com/SnapKit/SnapKit.git";
			requirement = {
				kind = upToNextMajorVersion;
				minimumVersion = 5.0.0;
			};
		};
/* End XCRemoteSwiftPackageReference section */

/* Begin XCSwiftPackageProductDependency section */
		6E7719C52AB0B5D8004A46F9 /* Kingfisher */ = {
			isa = XCSwiftPackageProductDependency;
			package = 6E7719C42AB0B5D8004A46F9 /* XCRemoteSwiftPackageReference "Kingfisher" */;
			productName = Kingfisher;
		};
		6E7719CB2AB0C359004A46F9 /* SnapKit */ = {
			isa = XCSwiftPackageProductDependency;
			package = 6E7719CA2AB0C359004A46F9 /* XCRemoteSwiftPackageReference "SnapKit" */;
			productName = SnapKit;
		};
/* End XCSwiftPackageProductDependency section */
	};
	rootObject = 6E3C060F2AB04A4900A30813 /* Project object */;
}
